
Microsoft Visual Studio Solution File, Format Version 12.00
# Visual Studio 15
VisualStudioVersion = 15.0.28010.2048
MinimumVisualStudioVersion = 10.0.40219.1
Project("{2150E333-8FDC-42A3-9474-1A3956D46DE8}") = "1. WinApp", "1. WinApp", "{BB8E269F-605F-4C86-9E56-097ACF661020}"
EndProject
Project("{FAE04EC0-301F-11D3-BF4B-00C04F79EFBC}") = "Core.Tools.Config.WinApp", "Core.Tools.Config.WinApp\Core.Tools.Config.WinApp.csproj", "{E16F4D1A-9D9F-4E61-9666-F0A76DF233B5}"
EndProject
Project("{2150E333-8FDC-42A3-9474-1A3956D46DE8}") = "4. Infra", "4. Infra", "{DEB7BC5D-76FA-4323-8231-47D24076B620}"
EndProject
Project("{FAE04EC0-301F-11D3-BF4B-00C04F79EFBC}") = "Core.Tools.Infra", "Core.Tools.Infra\Core.Tools.Infra.csproj", "{6DFF02E8-1EDA-429A-8367-4E42D0FF059F}"
EndProject
Project("{2150E333-8FDC-42A3-9474-1A3956D46DE8}") = "2. Domain", "2. Domain", "{508E25FE-8D93-4A33-A81A-79E04BC874F2}"
EndProject
Project("{FAE04EC0-301F-11D3-BF4B-00C04F79EFBC}") = "Core.Tools.Domain", "Core.Tools.Domain\Core.Tools.Domain.csproj", "{D32835C9-F448-4DE3-8368-FBCAD175F5E3}"
EndProject
Global
	GlobalSection(SolutionConfigurationPlatforms) = preSolution
		Debug|Any CPU = Debug|Any CPU
		Release|Any CPU = Release|Any CPU
	EndGlobalSection
	GlobalSection(ProjectConfigurationPlatforms) = postSolution
		{E16F4D1A-9D9F-4E61-9666-F0A76DF233B5}.Debug|Any CPU.ActiveCfg = Debug|Any CPU
		{E16F4D1A-9D9F-4E61-9666-F0A76DF233B5}.Debug|Any CPU.Build.0 = Debug|Any CPU
		{E16F4D1A-9D9F-4E61-9666-F0A76DF233B5}.Release|Any CPU.ActiveCfg = Release|Any CPU
		{E16F4D1A-9D9F-4E61-9666-F0A76DF233B5}.Release|Any CPU.Build.0 = Release|Any CPU
		{6DFF02E8-1EDA-429A-8367-4E42D0FF059F}.Debug|Any CPU.ActiveCfg = Debug|Any CPU
		{6DFF02E8-1EDA-429A-8367-4E42D0FF059F}.Debug|Any CPU.Build.0 = Debug|Any CPU
		{6DFF02E8-1EDA-429A-8367-4E42D0FF059F}.Release|Any CPU.ActiveCfg = Release|Any CPU
		{6DFF02E8-1EDA-429A-8367-4E42D0FF059F}.Release|Any CPU.Build.0 = Release|Any CPU
		{D32835C9-F448-4DE3-8368-FBCAD175F5E3}.Debug|Any CPU.ActiveCfg = Debug|Any CPU
		{D32835C9-F448-4DE3-8368-FBCAD175F5E3}.Debug|Any CPU.Build.0 = Debug|Any CPU
		{D32835C9-F448-4DE3-8368-FBCAD175F5E3}.Release|Any CPU.ActiveCfg = Release|Any CPU
		{D32835C9-F448-4DE3-8368-FBCAD175F5E3}.Release|Any CPU.Build.0 = Release|Any CPU
	EndGlobalSection
	GlobalSection(SolutionProperties) = preSolution
		HideSolutionNode = FALSE
	EndGlobalSection
	GlobalSection(NestedProjects) = preSolution
		{E16F4D1A-9D9F-4E61-9666-F0A76DF233B5} = {BB8E269F-605F-4C86-9E56-097ACF661020}
		{6DFF02E8-1EDA-429A-8367-4E42D0FF059F} = {DEB7BC5D-76FA-4323-8231-47D24076B620}
		{D32835C9-F448-4DE3-8368-FBCAD175F5E3} = {508E25FE-8D93-4A33-A81A-79E04BC874F2}
	EndGlobalSection
	GlobalSection(ExtensibilityGlobals) = postSolution
		SolutionGuid = {3AB9DE2C-AFCA-48F1-B997-23644F05C7A5}
	EndGlobalSection
EndGlobal
